
Microsoft Visual Studio Solution File, Format Version 12.00
# Visual Studio Version 16
VisualStudioVersion = 16.0.30711.63
MinimumVisualStudioVersion = 10.0.40219.1
Project("{9A19103F-16F7-4668-BE54-9A1E7A4F7556}") = "ClientsExercise", "ClientsExercise.csproj", "{1699A7C4-D2C6-496D-B83F-A93FD07796F8}"
EndProject
Global
	GlobalSection(SolutionConfigurationPlatforms) = preSolution
		Debug|Any CPU = Debug|Any CPU
		Release|Any CPU = Release|Any CPU
	EndGlobalSection
	GlobalSection(ProjectConfigurationPlatforms) = postSolution
		{1699A7C4-D2C6-496D-B83F-A93FD07796F8}.Debug|Any CPU.ActiveCfg = Debug|Any CPU
		{1699A7C4-D2C6-496D-B83F-A93FD07796F8}.Debug|Any CPU.Build.0 = Debug|Any CPU
		{1699A7C4-D2C6-496D-B83F-A93FD07796F8}.Release|Any CPU.ActiveCfg = Release|Any CPU
		{1699A7C4-D2C6-496D-B83F-A93FD07796F8}.Release|Any CPU.Build.0 = Release|Any CPU
	EndGlobalSection
	GlobalSection(SolutionProperties) = preSolution
		HideSolutionNode = FALSE
	EndGlobalSection
	GlobalSection(ExtensibilityGlobals) = postSolution
		SolutionGuid = {7D434742-FD55-4F4C-BC72-FD8140F2355B}
	EndGlobalSection
EndGlobal
